{
  "name": "lauttyd-random-msg",
  "version": "1.0.2",
  "lockfileVersion": 2,
  "requires": true,
  "packages": {
    "": {
      "name": "lauttyd-random-msg",
      "version": "1.0.2",
      "license": "MIT",
      "bin": {
        "random-msg": "bin/global.js"
      },
      "devDependencies": {}
    }
  }
}
